
Microsoft Visual Studio Solution File, Format Version 11.00
# Visual Studio 2010
Project("{8BC9CEB8-8B4A-11D0-8D11-00A0C91BC942}") = "3-6feidigui", "3-6feidigui\3-6feidigui.vcxproj", "{AB461BF2-3517-47A1-8B4E-ABF4ACEE37CB}"
EndProject
Global
	GlobalSection(SolutionConfigurationPlatforms) = preSolution
		Debug|Win32 = Debug|Win32
		Release|Win32 = Release|Win32
	EndGlobalSection
	GlobalSection(ProjectConfigurationPlatforms) = postSolution
		{AB461BF2-3517-47A1-8B4E-ABF4ACEE37CB}.Debug|Win32.ActiveCfg = Debug|Win32
		{AB461BF2-3517-47A1-8B4E-ABF4ACEE37CB}.Debug|Win32.Build.0 = Debug|Win32
		{AB461BF2-3517-47A1-8B4E-ABF4ACEE37CB}.Release|Win32.ActiveCfg = Release|Win32
		{AB461BF2-3517-47A1-8B4E-ABF4ACEE37CB}.Release|Win32.Build.0 = Release|Win32
	EndGlobalSection
	GlobalSection(SolutionProperties) = preSolution
		HideSolutionNode = FALSE
	EndGlobalSection
EndGlobal
