
Microsoft Visual Studio Solution File, Format Version 11.00
# Visual Studio 2010
Project("{8BC9CEB8-8B4A-11D0-8D11-00A0C91BC942}") = "HW9_5", "HW9_5\HW9_5.vcxproj", "{DDD8B223-D30E-4FB0-A115-6CC41ED034EA}"
EndProject
Global
	GlobalSection(SolutionConfigurationPlatforms) = preSolution
		Debug|Win32 = Debug|Win32
		Release|Win32 = Release|Win32
	EndGlobalSection
	GlobalSection(ProjectConfigurationPlatforms) = postSolution
		{DDD8B223-D30E-4FB0-A115-6CC41ED034EA}.Debug|Win32.ActiveCfg = Debug|Win32
		{DDD8B223-D30E-4FB0-A115-6CC41ED034EA}.Debug|Win32.Build.0 = Debug|Win32
		{DDD8B223-D30E-4FB0-A115-6CC41ED034EA}.Release|Win32.ActiveCfg = Release|Win32
		{DDD8B223-D30E-4FB0-A115-6CC41ED034EA}.Release|Win32.Build.0 = Release|Win32
	EndGlobalSection
	GlobalSection(SolutionProperties) = preSolution
		HideSolutionNode = FALSE
	EndGlobalSection
EndGlobal
