
Microsoft Visual Studio Solution File, Format Version 11.00
# Visual Studio 2010
Project("{8BC9CEB8-8B4A-11D0-8D11-00A0C91BC942}") = "2-9", "2-9\2-9.vcxproj", "{0C8347A3-169B-459D-B1FA-7A6921DF2105}"
EndProject
Global
	GlobalSection(SolutionConfigurationPlatforms) = preSolution
		Debug|Win32 = Debug|Win32
		Release|Win32 = Release|Win32
	EndGlobalSection
	GlobalSection(ProjectConfigurationPlatforms) = postSolution
		{0C8347A3-169B-459D-B1FA-7A6921DF2105}.Debug|Win32.ActiveCfg = Debug|Win32
		{0C8347A3-169B-459D-B1FA-7A6921DF2105}.Debug|Win32.Build.0 = Debug|Win32
		{0C8347A3-169B-459D-B1FA-7A6921DF2105}.Release|Win32.ActiveCfg = Release|Win32
		{0C8347A3-169B-459D-B1FA-7A6921DF2105}.Release|Win32.Build.0 = Release|Win32
	EndGlobalSection
	GlobalSection(SolutionProperties) = preSolution
		HideSolutionNode = FALSE
	EndGlobalSection
EndGlobal
