
Microsoft Visual Studio Solution File, Format Version 11.00
# Visual Studio 2010
Project("{8BC9CEB8-8B4A-11D0-8D11-00A0C91BC942}") = "5-4", "5-4\5-4.vcxproj", "{ADB34E95-9964-4A07-A82D-04C008553C8D}"
EndProject
Global
	GlobalSection(SolutionConfigurationPlatforms) = preSolution
		Debug|Win32 = Debug|Win32
		Release|Win32 = Release|Win32
	EndGlobalSection
	GlobalSection(ProjectConfigurationPlatforms) = postSolution
		{ADB34E95-9964-4A07-A82D-04C008553C8D}.Debug|Win32.ActiveCfg = Debug|Win32
		{ADB34E95-9964-4A07-A82D-04C008553C8D}.Debug|Win32.Build.0 = Debug|Win32
		{ADB34E95-9964-4A07-A82D-04C008553C8D}.Release|Win32.ActiveCfg = Release|Win32
		{ADB34E95-9964-4A07-A82D-04C008553C8D}.Release|Win32.Build.0 = Release|Win32
	EndGlobalSection
	GlobalSection(SolutionProperties) = preSolution
		HideSolutionNode = FALSE
	EndGlobalSection
EndGlobal
